// !$*UTF8*$!
{
	archiveVersion = 1;
	classes = {
	};
	objectVersion = 56;
	objects = {

/* Begin PBXBuildFile section */
		37700070860B34024F11D3A0 /* Pods_IPTV.framework in Frameworks */ = {isa = PBXBuildFile; fileRef = 4059971BBC843697066E1D3C /* Pods_IPTV.framework */; };
		B313E2152A6A582B00423CE2 /* StreamLinkTableViewCell.swift in Sources */ = {isa = PBXBuildFile; fileRef = B313E2132A6A582B00423CE2 /* StreamLinkTableViewCell.swift */; };
		B313E2162A6A582B00423CE2 /* StreamLinkTableViewCell.xib in Resources */ = {isa = PBXBuildFile; fileRef = B313E2142A6A582B00423CE2 /* StreamLinkTableViewCell.xib */; };
		B313E2212A6A73BF00423CE2 /* Manrope-VariableFont_wght.ttf in Resources */ = {isa = PBXBuildFile; fileRef = B313E2192A6A73BF00423CE2 /* Manrope-VariableFont_wght.ttf */; };
		B313E2222A6A73BF00423CE2 /* Manrope-Medium.ttf in Resources */ = {isa = PBXBuildFile; fileRef = B313E21A2A6A73BF00423CE2 /* Manrope-Medium.ttf */; };
		B313E2232A6A73BF00423CE2 /* Manrope-SemiBold.ttf in Resources */ = {isa = PBXBuildFile; fileRef = B313E21B2A6A73BF00423CE2 /* Manrope-SemiBold.ttf */; };
		B313E2242A6A73BF00423CE2 /* Manrope-ExtraBold.ttf in Resources */ = {isa = PBXBuildFile; fileRef = B313E21C2A6A73BF00423CE2 /* Manrope-ExtraBold.ttf */; };
		B313E2252A6A73BF00423CE2 /* Manrope-Regular.ttf in Resources */ = {isa = PBXBuildFile; fileRef = B313E21D2A6A73BF00423CE2 /* Manrope-Regular.ttf */; };
		B313E2262A6A73BF00423CE2 /* Manrope-ExtraLight.ttf in Resources */ = {isa = PBXBuildFile; fileRef = B313E21E2A6A73BF00423CE2 /* Manrope-ExtraLight.ttf */; };
		B313E2272A6A73BF00423CE2 /* Manrope-Light.ttf in Resources */ = {isa = PBXBuildFile; fileRef = B313E21F2A6A73BF00423CE2 /* Manrope-Light.ttf */; };
		B313E2282A6A73BF00423CE2 /* Manrope-Bold.ttf in Resources */ = {isa = PBXBuildFile; fileRef = B313E2202A6A73BF00423CE2 /* Manrope-Bold.ttf */; };
		B313E2302A6A930B00423CE2 /* ContextManager.swift in Sources */ = {isa = PBXBuildFile; fileRef = B313E22D2A6A930B00423CE2 /* ContextManager.swift */; };
		B313E2312A6A930B00423CE2 /* DatastoreCoordinator.swift in Sources */ = {isa = PBXBuildFile; fileRef = B313E22E2A6A930B00423CE2 /* DatastoreCoordinator.swift */; };
		B313E2322A6A930B00423CE2 /* PersistenceManager.swift in Sources */ = {isa = PBXBuildFile; fileRef = B313E22F2A6A930B00423CE2 /* PersistenceManager.swift */; };
		B313E2362A6A974D00423CE2 /* PlaylistDataModel.xcdatamodeld in Sources */ = {isa = PBXBuildFile; fileRef = B313E2342A6A974D00423CE2 /* PlaylistDataModel.xcdatamodeld */; };
		B313E2422A6A9B9F00423CE2 /* CrudDBManager.swift in Sources */ = {isa = PBXBuildFile; fileRef = B313E2412A6A9B9F00423CE2 /* CrudDBManager.swift */; };
		B31B70EC2A84AF9F00059C6E /* GoogleService-Info.plist in Resources */ = {isa = PBXBuildFile; fileRef = B31B70EB2A84AF9F00059C6E /* GoogleService-Info.plist */; };
		B31B70EE2A84B11400059C6E /* IPTVpolicy.docx in Resources */ = {isa = PBXBuildFile; fileRef = B31B70ED2A84B11400059C6E /* IPTVpolicy.docx */; };
		B31E18B42A8247FF00C404CC /* SettingCellCollectionViewCell.swift in Sources */ = {isa = PBXBuildFile; fileRef = B31E18B22A8247FF00C404CC /* SettingCellCollectionViewCell.swift */; };
		B31E18B52A8247FF00C404CC /* SettingCellCollectionViewCell.xib in Resources */ = {isa = PBXBuildFile; fileRef = B31E18B32A8247FF00C404CC /* SettingCellCollectionViewCell.xib */; };
		B32BE81D2A7B961400CA1046 /* Setting.storyboard in Resources */ = {isa = PBXBuildFile; fileRef = B32BE81C2A7B961400CA1046 /* Setting.storyboard */; };
		B32BE8292A7B96F300CA1046 /* SettingViewModel.swift in Sources */ = {isa = PBXBuildFile; fileRef = B32BE8212A7B96F300CA1046 /* SettingViewModel.swift */; };
		B32BE82A2A7B96F300CA1046 /* SettingViewController.swift in Sources */ = {isa = PBXBuildFile; fileRef = B32BE8232A7B96F300CA1046 /* SettingViewController.swift */; };
		B33E3CD52A6EA5A600220811 /* AddLinkViewController.swift in Sources */ = {isa = PBXBuildFile; fileRef = B33E3CD42A6EA5A600220811 /* AddLinkViewController.swift */; };
		B36687B82A67BD8100A5C492 /* ChannelListViewController.swift in Sources */ = {isa = PBXBuildFile; fileRef = B36687B72A67BD8100A5C492 /* ChannelListViewController.swift */; };
		B36687BA2A67C53C00A5C492 /* InitialViewController.swift in Sources */ = {isa = PBXBuildFile; fileRef = B36687B92A67C53C00A5C492 /* InitialViewController.swift */; };
		B36687BC2A67C80E00A5C492 /* SplitViewController.swift in Sources */ = {isa = PBXBuildFile; fileRef = B36687BB2A67C80E00A5C492 /* SplitViewController.swift */; };
		B36687C12A67ECA000A5C492 /* ChannelListTableViewCell.swift in Sources */ = {isa = PBXBuildFile; fileRef = B36687BF2A67ECA000A5C492 /* ChannelListTableViewCell.swift */; };
		B36687C22A67ECA000A5C492 /* ChannelListTableViewCell.xib in Resources */ = {isa = PBXBuildFile; fileRef = B36687C02A67ECA000A5C492 /* ChannelListTableViewCell.xib */; };
		B37E151A2A7B7EB600015F57 /* Channel+CoreDataProperties.swift in Sources */ = {isa = PBXBuildFile; fileRef = B37E15162A7B7EB600015F57 /* Channel+CoreDataProperties.swift */; };
		B37E151B2A7B7EB600015F57 /* Playlist+CoreDataClass.swift in Sources */ = {isa = PBXBuildFile; fileRef = B37E15172A7B7EB600015F57 /* Playlist+CoreDataClass.swift */; };
		B37E151C2A7B7EB600015F57 /* Playlist+CoreDataProperties.swift in Sources */ = {isa = PBXBuildFile; fileRef = B37E15182A7B7EB600015F57 /* Playlist+CoreDataProperties.swift */; };
		B37E151D2A7B7EB600015F57 /* Channel+CoreDataClass.swift in Sources */ = {isa = PBXBuildFile; fileRef = B37E15192A7B7EB600015F57 /* Channel+CoreDataClass.swift */; };
		B386BF502A7126CF00BE1F36 /* ChannelTableHeader.xib in Resources */ = {isa = PBXBuildFile; fileRef = B386BF4F2A7126CF00BE1F36 /* ChannelTableHeader.xib */; };
		B386BF522A7126ED00BE1F36 /* ChannelTableHeader.swift in Sources */ = {isa = PBXBuildFile; fileRef = B386BF512A7126ED00BE1F36 /* ChannelTableHeader.swift */; };
		B3AE68392A693D2D009322DF /* Home.storyboard in Resources */ = {isa = PBXBuildFile; fileRef = B3AE68382A693D2D009322DF /* Home.storyboard */; };
		B3AE683C2A693DB3009322DF /* HomeViewController.swift in Sources */ = {isa = PBXBuildFile; fileRef = B3AE683B2A693DB3009322DF /* HomeViewController.swift */; };
		B3AE68422A693E93009322DF /* PlaylistTableViewCell.swift in Sources */ = {isa = PBXBuildFile; fileRef = B3AE68402A693E93009322DF /* PlaylistTableViewCell.swift */; };
		B3AE68432A693E93009322DF /* PlaylistTableViewCell.xib in Resources */ = {isa = PBXBuildFile; fileRef = B3AE68412A693E93009322DF /* PlaylistTableViewCell.xib */; };
		B3AE68472A693ED1009322DF /* HomeToggleTableViewCell.swift in Sources */ = {isa = PBXBuildFile; fileRef = B3AE68452A693ED1009322DF /* HomeToggleTableViewCell.swift */; };
		B3AE68482A693ED1009322DF /* HomeToggleTableViewCell.xib in Resources */ = {isa = PBXBuildFile; fileRef = B3AE68462A693ED1009322DF /* HomeToggleTableViewCell.xib */; };
		B3AE684E2A6941FC009322DF /* HomeHeaderTableViewCell.swift in Sources */ = {isa = PBXBuildFile; fileRef = B3AE684C2A6941FC009322DF /* HomeHeaderTableViewCell.swift */; };
		B3AE684F2A6941FC009322DF /* HomeHeaderTableViewCell.xib in Resources */ = {isa = PBXBuildFile; fileRef = B3AE684D2A6941FC009322DF /* HomeHeaderTableViewCell.xib */; };
		B3E2FD0A2A666CFB009A073A /* AppDelegate.swift in Sources */ = {isa = PBXBuildFile; fileRef = B3E2FD092A666CFB009A073A /* AppDelegate.swift */; };
		B3E2FD112A666CFB009A073A /* Main.storyboard in Resources */ = {isa = PBXBuildFile; fileRef = B3E2FD0F2A666CFB009A073A /* Main.storyboard */; };
		B3E2FD132A666CFC009A073A /* Assets.xcassets in Resources */ = {isa = PBXBuildFile; fileRef = B3E2FD122A666CFC009A073A /* Assets.xcassets */; };
		B3E2FD162A666CFC009A073A /* LaunchScreen.storyboard in Resources */ = {isa = PBXBuildFile; fileRef = B3E2FD142A666CFC009A073A /* LaunchScreen.storyboard */; };
		B3E2FD412A666E7E009A073A /* Constant.swift in Sources */ = {isa = PBXBuildFile; fileRef = B3E2FD202A666E7E009A073A /* Constant.swift */; };
		B3E2FD432A666E7E009A073A /* Enums.swift in Sources */ = {isa = PBXBuildFile; fileRef = B3E2FD222A666E7E009A073A /* Enums.swift */; };
		B3E2FD442A666E7E009A073A /* Devices.swift in Sources */ = {isa = PBXBuildFile; fileRef = B3E2FD232A666E7E009A073A /* Devices.swift */; };
		B3E2FD452A666E7E009A073A /* StyleManager.swift in Sources */ = {isa = PBXBuildFile; fileRef = B3E2FD242A666E7E009A073A /* StyleManager.swift */; };
		B3E2FD462A666E7E009A073A /* UIView.swift in Sources */ = {isa = PBXBuildFile; fileRef = B3E2FD272A666E7E009A073A /* UIView.swift */; };
		B3E2FD472A666E7E009A073A /* UIImage.swift in Sources */ = {isa = PBXBuildFile; fileRef = B3E2FD282A666E7E009A073A /* UIImage.swift */; };
		B3E2FD482A666E7E009A073A /* UIViewController.swift in Sources */ = {isa = PBXBuildFile; fileRef = B3E2FD292A666E7E009A073A /* UIViewController.swift */; };
		B3E2FD492A666E7E009A073A /* UILabel.swift in Sources */ = {isa = PBXBuildFile; fileRef = B3E2FD2A2A666E7E009A073A /* UILabel.swift */; };
		B3E2FD4A2A666E7E009A073A /* AppStoryboard.swift in Sources */ = {isa = PBXBuildFile; fileRef = B3E2FD2B2A666E7E009A073A /* AppStoryboard.swift */; };
		B3E2FD4B2A666E7E009A073A /* UIApplication.swift in Sources */ = {isa = PBXBuildFile; fileRef = B3E2FD2C2A666E7E009A073A /* UIApplication.swift */; };
		B3E2FD4C2A666E7E009A073A /* UIText.swift in Sources */ = {isa = PBXBuildFile; fileRef = B3E2FD2D2A666E7E009A073A /* UIText.swift */; };
		B3E2FD4D2A666E7E009A073A /* UIAlertController.swift in Sources */ = {isa = PBXBuildFile; fileRef = B3E2FD2E2A666E7E009A073A /* UIAlertController.swift */; };
		B3E2FD4E2A666E7E009A073A /* Date.swift in Sources */ = {isa = PBXBuildFile; fileRef = B3E2FD302A666E7E009A073A /* Date.swift */; };
		B3E2FD4F2A666E7E009A073A /* Array.swift in Sources */ = {isa = PBXBuildFile; fileRef = B3E2FD312A666E7E009A073A /* Array.swift */; };
		B3E2FD502A666E7E009A073A /* NSAttributedString.swift in Sources */ = {isa = PBXBuildFile; fileRef = B3E2FD322A666E7E009A073A /* NSAttributedString.swift */; };
		B3E2FD512A666E7E009A073A /* Reachability.swift in Sources */ = {isa = PBXBuildFile; fileRef = B3E2FD332A666E7E009A073A /* Reachability.swift */; };
		B3E2FD522A666E7E009A073A /* URL.swift in Sources */ = {isa = PBXBuildFile; fileRef = B3E2FD342A666E7E009A073A /* URL.swift */; };
		B3E2FD532A666E7E009A073A /* String.swift in Sources */ = {isa = PBXBuildFile; fileRef = B3E2FD352A666E7E009A073A /* String.swift */; };
		B3E2FD542A666E7E009A073A /* Double.swift in Sources */ = {isa = PBXBuildFile; fileRef = B3E2FD362A666E7E009A073A /* Double.swift */; };
		B3E2FD572A666E7E009A073A /* BaseApiManger.swift in Sources */ = {isa = PBXBuildFile; fileRef = B3E2FD3C2A666E7E009A073A /* BaseApiManger.swift */; };
		B3E2FD582A666E7E009A073A /* ApiStore.swift in Sources */ = {isa = PBXBuildFile; fileRef = B3E2FD3D2A666E7E009A073A /* ApiStore.swift */; };
		B3E2FD592A666E7E009A073A /* Helper.swift in Sources */ = {isa = PBXBuildFile; fileRef = B3E2FD3F2A666E7E009A073A /* Helper.swift */; };
		B3E2FD5A2A666E7E009A073A /* Prefrences.swift in Sources */ = {isa = PBXBuildFile; fileRef = B3E2FD402A666E7E009A073A /* Prefrences.swift */; };
		B3E2FD672A667225009A073A /* AppCoordinator.swift in Sources */ = {isa = PBXBuildFile; fileRef = B3E2FD632A667225009A073A /* AppCoordinator.swift */; };
		B3E2FD682A667225009A073A /* CoordinatorControllers.swift in Sources */ = {isa = PBXBuildFile; fileRef = B3E2FD642A667225009A073A /* CoordinatorControllers.swift */; };
		B3E2FD692A667225009A073A /* Coordinator.swift in Sources */ = {isa = PBXBuildFile; fileRef = B3E2FD652A667225009A073A /* Coordinator.swift */; };
		B3E2FD6A2A667225009A073A /* ParentViewController.swift in Sources */ = {isa = PBXBuildFile; fileRef = B3E2FD662A667225009A073A /* ParentViewController.swift */; };
		B3E2FD702A667385009A073A /* ChannelData.swift in Sources */ = {isa = PBXBuildFile; fileRef = B3E2FD6F2A667385009A073A /* ChannelData.swift */; };
		B3E2FD782A6674BF009A073A /* ChannelViewController.swift in Sources */ = {isa = PBXBuildFile; fileRef = B3E2FD772A6674BF009A073A /* ChannelViewController.swift */; };
		B3E2FD7A2A667B4B009A073A /* ChannelViewModel.swift in Sources */ = {isa = PBXBuildFile; fileRef = B3E2FD792A667B4B009A073A /* ChannelViewModel.swift */; };
/* End PBXBuildFile section */

/* Begin PBXFileReference section */
		4059971BBC843697066E1D3C /* Pods_IPTV.framework */ = {isa = PBXFileReference; explicitFileType = wrapper.framework; includeInIndex = 0; path = Pods_IPTV.framework; sourceTree = BUILT_PRODUCTS_DIR; };
		46B6D3F0A3092FCC968E076D /* Pods-IPTV.release.xcconfig */ = {isa = PBXFileReference; includeInIndex = 1; lastKnownFileType = text.xcconfig; name = "Pods-IPTV.release.xcconfig"; path = "Target Support Files/Pods-IPTV/Pods-IPTV.release.xcconfig"; sourceTree = "<group>"; };
		A82A1B0D4D63C1896D9CACFE /* Pods-IPTV.debug.xcconfig */ = {isa = PBXFileReference; includeInIndex = 1; lastKnownFileType = text.xcconfig; name = "Pods-IPTV.debug.xcconfig"; path = "Target Support Files/Pods-IPTV/Pods-IPTV.debug.xcconfig"; sourceTree = "<group>"; };
		B313E2132A6A582B00423CE2 /* StreamLinkTableViewCell.swift */ = {isa = PBXFileReference; lastKnownFileType = sourcecode.swift; path = StreamLinkTableViewCell.swift; sourceTree = "<group>"; };
		B313E2142A6A582B00423CE2 /* StreamLinkTableViewCell.xib */ = {isa = PBXFileReference; lastKnownFileType = file.xib; path = StreamLinkTableViewCell.xib; sourceTree = "<group>"; };
		B313E2192A6A73BF00423CE2 /* Manrope-VariableFont_wght.ttf */ = {isa = PBXFileReference; lastKnownFileType = file; path = "Manrope-VariableFont_wght.ttf"; sourceTree = "<group>"; };
		B313E21A2A6A73BF00423CE2 /* Manrope-Medium.ttf */ = {isa = PBXFileReference; lastKnownFileType = file; path = "Manrope-Medium.ttf"; sourceTree = "<group>"; };
		B313E21B2A6A73BF00423CE2 /* Manrope-SemiBold.ttf */ = {isa = PBXFileReference; lastKnownFileType = file; path = "Manrope-SemiBold.ttf"; sourceTree = "<group>"; };
		B313E21C2A6A73BF00423CE2 /* Manrope-ExtraBold.ttf */ = {isa = PBXFileReference; lastKnownFileType = file; path = "Manrope-ExtraBold.ttf"; sourceTree = "<group>"; };
		B313E21D2A6A73BF00423CE2 /* Manrope-Regular.ttf */ = {isa = PBXFileReference; lastKnownFileType = file; path = "Manrope-Regular.ttf"; sourceTree = "<group>"; };
		B313E21E2A6A73BF00423CE2 /* Manrope-ExtraLight.ttf */ = {isa = PBXFileReference; lastKnownFileType = file; path = "Manrope-ExtraLight.ttf"; sourceTree = "<group>"; };
		B313E21F2A6A73BF00423CE2 /* Manrope-Light.ttf */ = {isa = PBXFileReference; lastKnownFileType = file; path = "Manrope-Light.ttf"; sourceTree = "<group>"; };
		B313E2202A6A73BF00423CE2 /* Manrope-Bold.ttf */ = {isa = PBXFileReference; lastKnownFileType = file; path = "Manrope-Bold.ttf"; sourceTree = "<group>"; };
		B313E22D2A6A930B00423CE2 /* ContextManager.swift */ = {isa = PBXFileReference; fileEncoding = 4; lastKnownFileType = sourcecode.swift; path = ContextManager.swift; sourceTree = "<group>"; };
		B313E22E2A6A930B00423CE2 /* DatastoreCoordinator.swift */ = {isa = PBXFileReference; fileEncoding = 4; lastKnownFileType = sourcecode.swift; path = DatastoreCoordinator.swift; sourceTree = "<group>"; };
		B313E22F2A6A930B00423CE2 /* PersistenceManager.swift */ = {isa = PBXFileReference; fileEncoding = 4; lastKnownFileType = sourcecode.swift; path = PersistenceManager.swift; sourceTree = "<group>"; };
		B313E2352A6A974D00423CE2 /* PlaylistDataModel.xcdatamodel */ = {isa = PBXFileReference; lastKnownFileType = wrapper.xcdatamodel; path = PlaylistDataModel.xcdatamodel; sourceTree = "<group>"; };
		B313E2412A6A9B9F00423CE2 /* CrudDBManager.swift */ = {isa = PBXFileReference; lastKnownFileType = sourcecode.swift; path = CrudDBManager.swift; sourceTree = "<group>"; };
		B31B70EB2A84AF9F00059C6E /* GoogleService-Info.plist */ = {isa = PBXFileReference; fileEncoding = 4; lastKnownFileType = text.plist.xml; path = "GoogleService-Info.plist"; sourceTree = "<group>"; };
		B31B70ED2A84B11400059C6E /* IPTVpolicy.docx */ = {isa = PBXFileReference; lastKnownFileType = file; path = IPTVpolicy.docx; sourceTree = "<group>"; };
		B31E18B22A8247FF00C404CC /* SettingCellCollectionViewCell.swift */ = {isa = PBXFileReference; lastKnownFileType = sourcecode.swift; path = SettingCellCollectionViewCell.swift; sourceTree = "<group>"; };
		B31E18B32A8247FF00C404CC /* SettingCellCollectionViewCell.xib */ = {isa = PBXFileReference; lastKnownFileType = file.xib; path = SettingCellCollectionViewCell.xib; sourceTree = "<group>"; };
		B32BE81C2A7B961400CA1046 /* Setting.storyboard */ = {isa = PBXFileReference; lastKnownFileType = file.storyboard; path = Setting.storyboard; sourceTree = "<group>"; };
		B32BE8212A7B96F300CA1046 /* SettingViewModel.swift */ = {isa = PBXFileReference; fileEncoding = 4; lastKnownFileType = sourcecode.swift; path = SettingViewModel.swift; sourceTree = "<group>"; };
		B32BE8232A7B96F300CA1046 /* SettingViewController.swift */ = {isa = PBXFileReference; fileEncoding = 4; lastKnownFileType = sourcecode.swift; path = SettingViewController.swift; sourceTree = "<group>"; };
		B33E3CD42A6EA5A600220811 /* AddLinkViewController.swift */ = {isa = PBXFileReference; lastKnownFileType = sourcecode.swift; path = AddLinkViewController.swift; sourceTree = "<group>"; };
		B36687B72A67BD8100A5C492 /* ChannelListViewController.swift */ = {isa = PBXFileReference; lastKnownFileType = sourcecode.swift; path = ChannelListViewController.swift; sourceTree = "<group>"; };
		B36687B92A67C53C00A5C492 /* InitialViewController.swift */ = {isa = PBXFileReference; lastKnownFileType = sourcecode.swift; path = InitialViewController.swift; sourceTree = "<group>"; };
		B36687BB2A67C80E00A5C492 /* SplitViewController.swift */ = {isa = PBXFileReference; lastKnownFileType = sourcecode.swift; path = SplitViewController.swift; sourceTree = "<group>"; };
		B36687BF2A67ECA000A5C492 /* ChannelListTableViewCell.swift */ = {isa = PBXFileReference; lastKnownFileType = sourcecode.swift; path = ChannelListTableViewCell.swift; sourceTree = "<group>"; };
		B36687C02A67ECA000A5C492 /* ChannelListTableViewCell.xib */ = {isa = PBXFileReference; lastKnownFileType = file.xib; path = ChannelListTableViewCell.xib; sourceTree = "<group>"; };
		B37E15162A7B7EB600015F57 /* Channel+CoreDataProperties.swift */ = {isa = PBXFileReference; fileEncoding = 4; lastKnownFileType = sourcecode.swift; path = "Channel+CoreDataProperties.swift"; sourceTree = "<group>"; };
		B37E15172A7B7EB600015F57 /* Playlist+CoreDataClass.swift */ = {isa = PBXFileReference; fileEncoding = 4; lastKnownFileType = sourcecode.swift; path = "Playlist+CoreDataClass.swift"; sourceTree = "<group>"; };
		B37E15182A7B7EB600015F57 /* Playlist+CoreDataProperties.swift */ = {isa = PBXFileReference; fileEncoding = 4; lastKnownFileType = sourcecode.swift; path = "Playlist+CoreDataProperties.swift"; sourceTree = "<group>"; };
		B37E15192A7B7EB600015F57 /* Channel+CoreDataClass.swift */ = {isa = PBXFileReference; fileEncoding = 4; lastKnownFileType = sourcecode.swift; path = "Channel+CoreDataClass.swift"; sourceTree = "<group>"; };
		B386BF4F2A7126CF00BE1F36 /* ChannelTableHeader.xib */ = {isa = PBXFileReference; lastKnownFileType = file.xib; path = ChannelTableHeader.xib; sourceTree = "<group>"; };
		B386BF512A7126ED00BE1F36 /* ChannelTableHeader.swift */ = {isa = PBXFileReference; lastKnownFileType = sourcecode.swift; path = ChannelTableHeader.swift; sourceTree = "<group>"; };
		B3AE68382A693D2D009322DF /* Home.storyboard */ = {isa = PBXFileReference; lastKnownFileType = file.storyboard; path = Home.storyboard; sourceTree = "<group>"; };
		B3AE683B2A693DB3009322DF /* HomeViewController.swift */ = {isa = PBXFileReference; lastKnownFileType = sourcecode.swift; path = HomeViewController.swift; sourceTree = "<group>"; };
		B3AE68402A693E93009322DF /* PlaylistTableViewCell.swift */ = {isa = PBXFileReference; lastKnownFileType = sourcecode.swift; path = PlaylistTableViewCell.swift; sourceTree = "<group>"; };
		B3AE68412A693E93009322DF /* PlaylistTableViewCell.xib */ = {isa = PBXFileReference; lastKnownFileType = file.xib; path = PlaylistTableViewCell.xib; sourceTree = "<group>"; };
		B3AE68452A693ED1009322DF /* HomeToggleTableViewCell.swift */ = {isa = PBXFileReference; lastKnownFileType = sourcecode.swift; path = HomeToggleTableViewCell.swift; sourceTree = "<group>"; };
		B3AE68462A693ED1009322DF /* HomeToggleTableViewCell.xib */ = {isa = PBXFileReference; lastKnownFileType = file.xib; path = HomeToggleTableViewCell.xib; sourceTree = "<group>"; };
		B3AE684C2A6941FC009322DF /* HomeHeaderTableViewCell.swift */ = {isa = PBXFileReference; lastKnownFileType = sourcecode.swift; path = HomeHeaderTableViewCell.swift; sourceTree = "<group>"; };
		B3AE684D2A6941FC009322DF /* HomeHeaderTableViewCell.xib */ = {isa = PBXFileReference; lastKnownFileType = file.xib; path = HomeHeaderTableViewCell.xib; sourceTree = "<group>"; };
		B3D0AEDB2A724FFB00EB4BCA /* IPTV.entitlements */ = {isa = PBXFileReference; lastKnownFileType = text.plist.entitlements; path = IPTV.entitlements; sourceTree = "<group>"; };
		B3E2FD062A666CFB009A073A /* IPTV.app */ = {isa = PBXFileReference; explicitFileType = wrapper.application; includeInIndex = 0; path = IPTV.app; sourceTree = BUILT_PRODUCTS_DIR; };
		B3E2FD092A666CFB009A073A /* AppDelegate.swift */ = {isa = PBXFileReference; lastKnownFileType = sourcecode.swift; path = AppDelegate.swift; sourceTree = "<group>"; };
		B3E2FD102A666CFB009A073A /* Base */ = {isa = PBXFileReference; lastKnownFileType = file.storyboard; name = Base; path = Base.lproj/Main.storyboard; sourceTree = "<group>"; };
		B3E2FD122A666CFC009A073A /* Assets.xcassets */ = {isa = PBXFileReference; lastKnownFileType = folder.assetcatalog; path = Assets.xcassets; sourceTree = "<group>"; };
		B3E2FD152A666CFC009A073A /* Base */ = {isa = PBXFileReference; lastKnownFileType = file.storyboard; name = Base; path = Base.lproj/LaunchScreen.storyboard; sourceTree = "<group>"; };
		B3E2FD172A666CFC009A073A /* Info.plist */ = {isa = PBXFileReference; lastKnownFileType = text.plist.xml; path = Info.plist; sourceTree = "<group>"; };
		B3E2FD202A666E7E009A073A /* Constant.swift */ = {isa = PBXFileReference; fileEncoding = 4; lastKnownFileType = sourcecode.swift; path = Constant.swift; sourceTree = "<group>"; };
		B3E2FD222A666E7E009A073A /* Enums.swift */ = {isa = PBXFileReference; fileEncoding = 4; lastKnownFileType = sourcecode.swift; path = Enums.swift; sourceTree = "<group>"; };
		B3E2FD232A666E7E009A073A /* Devices.swift */ = {isa = PBXFileReference; fileEncoding = 4; lastKnownFileType = sourcecode.swift; path = Devices.swift; sourceTree = "<group>"; };
		B3E2FD242A666E7E009A073A /* StyleManager.swift */ = {isa = PBXFileReference; fileEncoding = 4; lastKnownFileType = sourcecode.swift; path = StyleManager.swift; sourceTree = "<group>"; };
		B3E2FD272A666E7E009A073A /* UIView.swift */ = {isa = PBXFileReference; fileEncoding = 4; lastKnownFileType = sourcecode.swift; path = UIView.swift; sourceTree = "<group>"; };
		B3E2FD282A666E7E009A073A /* UIImage.swift */ = {isa = PBXFileReference; fileEncoding = 4; lastKnownFileType = sourcecode.swift; path = UIImage.swift; sourceTree = "<group>"; };
		B3E2FD292A666E7E009A073A /* UIViewController.swift */ = {isa = PBXFileReference; fileEncoding = 4; lastKnownFileType = sourcecode.swift; path = UIViewController.swift; sourceTree = "<group>"; };
		B3E2FD2A2A666E7E009A073A /* UILabel.swift */ = {isa = PBXFileReference; fileEncoding = 4; lastKnownFileType = sourcecode.swift; path = UILabel.swift; sourceTree = "<group>"; };
		B3E2FD2B2A666E7E009A073A /* AppStoryboard.swift */ = {isa = PBXFileReference; fileEncoding = 4; lastKnownFileType = sourcecode.swift; path = AppStoryboard.swift; sourceTree = "<group>"; };
		B3E2FD2C2A666E7E009A073A /* UIApplication.swift */ = {isa = PBXFileReference; fileEncoding = 4; lastKnownFileType = sourcecode.swift; path = UIApplication.swift; sourceTree = "<group>"; };
		B3E2FD2D2A666E7E009A073A /* UIText.swift */ = {isa = PBXFileReference; fileEncoding = 4; lastKnownFileType = sourcecode.swift; path = UIText.swift; sourceTree = "<group>"; };
		B3E2FD2E2A666E7E009A073A /* UIAlertController.swift */ = {isa = PBXFileReference; fileEncoding = 4; lastKnownFileType = sourcecode.swift; path = UIAlertController.swift; sourceTree = "<group>"; };
		B3E2FD302A666E7E009A073A /* Date.swift */ = {isa = PBXFileReference; fileEncoding = 4; lastKnownFileType = sourcecode.swift; path = Date.swift; sourceTree = "<group>"; };
		B3E2FD312A666E7E009A073A /* Array.swift */ = {isa = PBXFileReference; fileEncoding = 4; lastKnownFileType = sourcecode.swift; path = Array.swift; sourceTree = "<group>"; };
		B3E2FD322A666E7E009A073A /* NSAttributedString.swift */ = {isa = PBXFileReference; fileEncoding = 4; lastKnownFileType = sourcecode.swift; path = NSAttributedString.swift; sourceTree = "<group>"; };
		B3E2FD332A666E7E009A073A /* Reachability.swift */ = {isa = PBXFileReference; fileEncoding = 4; lastKnownFileType = sourcecode.swift; path = Reachability.swift; sourceTree = "<group>"; };
		B3E2FD342A666E7E009A073A /* URL.swift */ = {isa = PBXFileReference; fileEncoding = 4; lastKnownFileType = sourcecode.swift; path = URL.swift; sourceTree = "<group>"; };
		B3E2FD352A666E7E009A073A /* String.swift */ = {isa = PBXFileReference; fileEncoding = 4; lastKnownFileType = sourcecode.swift; path = String.swift; sourceTree = "<group>"; };
		B3E2FD362A666E7E009A073A /* Double.swift */ = {isa = PBXFileReference; fileEncoding = 4; lastKnownFileType = sourcecode.swift; path = Double.swift; sourceTree = "<group>"; };
		B3E2FD3C2A666E7E009A073A /* BaseApiManger.swift */ = {isa = PBXFileReference; fileEncoding = 4; lastKnownFileType = sourcecode.swift; path = BaseApiManger.swift; sourceTree = "<group>"; };
		B3E2FD3D2A666E7E009A073A /* ApiStore.swift */ = {isa = PBXFileReference; fileEncoding = 4; lastKnownFileType = sourcecode.swift; path = ApiStore.swift; sourceTree = "<group>"; };
		B3E2FD3F2A666E7E009A073A /* Helper.swift */ = {isa = PBXFileReference; fileEncoding = 4; lastKnownFileType = sourcecode.swift; path = Helper.swift; sourceTree = "<group>"; };
		B3E2FD402A666E7E009A073A /* Prefrences.swift */ = {isa = PBXFileReference; fileEncoding = 4; lastKnownFileType = sourcecode.swift; path = Prefrences.swift; sourceTree = "<group>"; };
		B3E2FD632A667225009A073A /* AppCoordinator.swift */ = {isa = PBXFileReference; fileEncoding = 4; lastKnownFileType = sourcecode.swift; path = AppCoordinator.swift; sourceTree = "<group>"; };
		B3E2FD642A667225009A073A /* CoordinatorControllers.swift */ = {isa = PBXFileReference; fileEncoding = 4; lastKnownFileType = sourcecode.swift; path = CoordinatorControllers.swift; sourceTree = "<group>"; };
		B3E2FD652A667225009A073A /* Coordinator.swift */ = {isa = PBXFileReference; fileEncoding = 4; lastKnownFileType = sourcecode.swift; path = Coordinator.swift; sourceTree = "<group>"; };
		B3E2FD662A667225009A073A /* ParentViewController.swift */ = {isa = PBXFileReference; fileEncoding = 4; lastKnownFileType = sourcecode.swift; path = ParentViewController.swift; sourceTree = "<group>"; };
		B3E2FD6F2A667385009A073A /* ChannelData.swift */ = {isa = PBXFileReference; fileEncoding = 4; lastKnownFileType = sourcecode.swift; path = ChannelData.swift; sourceTree = "<group>"; };
		B3E2FD772A6674BF009A073A /* ChannelViewController.swift */ = {isa = PBXFileReference; lastKnownFileType = sourcecode.swift; path = ChannelViewController.swift; sourceTree = "<group>"; };
		B3E2FD792A667B4B009A073A /* ChannelViewModel.swift */ = {isa = PBXFileReference; lastKnownFileType = sourcecode.swift; path = ChannelViewModel.swift; sourceTree = "<group>"; };
/* End PBXFileReference section */

/* Begin PBXFrameworksBuildPhase section */
		B3E2FD032A666CFB009A073A /* Frameworks */ = {
			isa = PBXFrameworksBuildPhase;
			buildActionMask = 2147483647;
			files = (
				37700070860B34024F11D3A0 /* Pods_IPTV.framework in Frameworks */,
			);
			runOnlyForDeploymentPostprocessing = 0;
		};
/* End PBXFrameworksBuildPhase section */

/* Begin PBXGroup section */
		0155DB63226706C687670541 /* Pods */ = {
			isa = PBXGroup;
			children = (
				A82A1B0D4D63C1896D9CACFE /* Pods-IPTV.debug.xcconfig */,
				46B6D3F0A3092FCC968E076D /* Pods-IPTV.release.xcconfig */,
			);
			path = Pods;
			sourceTree = "<group>";
		};
		34134D2DBCF1DC6CA1FEAB08 /* Frameworks */ = {
			isa = PBXGroup;
			children = (
				4059971BBC843697066E1D3C /* Pods_IPTV.framework */,
			);
			name = Frameworks;
			sourceTree = "<group>";
		};
		B313E2122A6A57E000423CE2 /* SteamLinkCell */ = {
			isa = PBXGroup;
			children = (
				B313E2132A6A582B00423CE2 /* StreamLinkTableViewCell.swift */,
				B313E2142A6A582B00423CE2 /* StreamLinkTableViewCell.xib */,
			);
			path = SteamLinkCell;
			sourceTree = "<group>";
		};
		B313E2172A6A73B000423CE2 /* Fonts */ = {
			isa = PBXGroup;
			children = (
				B313E2182A6A73BF00423CE2 /* manrope */,
			);
			path = Fonts;
			sourceTree = "<group>";
		};
		B313E2182A6A73BF00423CE2 /* manrope */ = {
			isa = PBXGroup;
			children = (
				B313E2192A6A73BF00423CE2 /* Manrope-VariableFont_wght.ttf */,
				B313E21A2A6A73BF00423CE2 /* Manrope-Medium.ttf */,
				B313E21B2A6A73BF00423CE2 /* Manrope-SemiBold.ttf */,
				B313E21C2A6A73BF00423CE2 /* Manrope-ExtraBold.ttf */,
				B313E21D2A6A73BF00423CE2 /* Manrope-Regular.ttf */,
				B313E21E2A6A73BF00423CE2 /* Manrope-ExtraLight.ttf */,
				B313E21F2A6A73BF00423CE2 /* Manrope-Light.ttf */,
				B313E2202A6A73BF00423CE2 /* Manrope-Bold.ttf */,
			);
			path = manrope;
			sourceTree = "<group>";
		};
		B313E22C2A6A930B00423CE2 /* CoreData */ = {
			isa = PBXGroup;
			children = (
				B313E23F2A6A980E00423CE2 /* DBModel */,
				B313E2402A6A995A00423CE2 /* DatabaseManger */,
			);
			name = CoreData;
			path = IPTV/CoreData;
			sourceTree = SOURCE_ROOT;
		};
		B313E2332A6A931300423CE2 /* Conatnats */ = {
			isa = PBXGroup;
			children = (
				B3E2FD202A666E7E009A073A /* Constant.swift */,
				B3E2FD222A666E7E009A073A /* Enums.swift */,
				B3E2FD242A666E7E009A073A /* StyleManager.swift */,
			);
			path = Conatnats;
			sourceTree = "<group>";
		};
		B313E23F2A6A980E00423CE2 /* DBModel */ = {
			isa = PBXGroup;
			children = (
				B37E15192A7B7EB600015F57 /* Channel+CoreDataClass.swift */,
				B37E15162A7B7EB600015F57 /* Channel+CoreDataProperties.swift */,
				B37E15172A7B7EB600015F57 /* Playlist+CoreDataClass.swift */,
				B37E15182A7B7EB600015F57 /* Playlist+CoreDataProperties.swift */,
			);
			path = DBModel;
			sourceTree = "<group>";
		};
		B313E2402A6A995A00423CE2 /* DatabaseManger */ = {
			isa = PBXGroup;
			children = (
				B313E22D2A6A930B00423CE2 /* ContextManager.swift */,
				B313E22E2A6A930B00423CE2 /* DatastoreCoordinator.swift */,
				B313E22F2A6A930B00423CE2 /* PersistenceManager.swift */,
				B313E2412A6A9B9F00423CE2 /* CrudDBManager.swift */,
			);
			path = DatabaseManger;
			sourceTree = "<group>";
		};
		B32BE81F2A7B96F300CA1046 /* SettingModule */ = {
			isa = PBXGroup;
			children = (
				B32BE8202A7B96F300CA1046 /* ViewModel */,
				B32BE8222A7B96F300CA1046 /* Controller */,
				B32BE8262A7B96F300CA1046 /* View */,
			);
			path = SettingModule;
			sourceTree = "<group>";
		};
		B32BE8202A7B96F300CA1046 /* ViewModel */ = {
			isa = PBXGroup;
			children = (
				B32BE8212A7B96F300CA1046 /* SettingViewModel.swift */,
			);
			path = ViewModel;
			sourceTree = "<group>";
		};
		B32BE8222A7B96F300CA1046 /* Controller */ = {
			isa = PBXGroup;
			children = (
				B32BE8232A7B96F300CA1046 /* SettingViewController.swift */,
			);
			path = Controller;
			sourceTree = "<group>";
		};
		B32BE8262A7B96F300CA1046 /* View */ = {
			isa = PBXGroup;
			children = (
				B31E18B22A8247FF00C404CC /* SettingCellCollectionViewCell.swift */,
				B31E18B32A8247FF00C404CC /* SettingCellCollectionViewCell.xib */,
			);
			path = View;
			sourceTree = "<group>";
		};
		B36687BD2A67EC6C00A5C492 /* View */ = {
			isa = PBXGroup;
			children = (
				B386BF4E2A71268600BE1F36 /* ChannelListHeader */,
				B36687BE2A67EC7E00A5C492 /* ChannelListCell */,
			);
			path = View;
			sourceTree = "<group>";
		};
		B36687BE2A67EC7E00A5C492 /* ChannelListCell */ = {
			isa = PBXGroup;
			children = (
				B36687BF2A67ECA000A5C492 /* ChannelListTableViewCell.swift */,
				B36687C02A67ECA000A5C492 /* ChannelListTableViewCell.xib */,
			);
			path = ChannelListCell;
			sourceTree = "<group>";
		};
		B386BF4E2A71268600BE1F36 /* ChannelListHeader */ = {
			isa = PBXGroup;
			children = (
				B386BF4F2A7126CF00BE1F36 /* ChannelTableHeader.xib */,
				B386BF512A7126ED00BE1F36 /* ChannelTableHeader.swift */,
			);
			path = ChannelListHeader;
			sourceTree = "<group>";
		};
		B3AE68372A693D16009322DF /* HomeModule */ = {
			isa = PBXGroup;
			children = (
				B3E2FD712A667389009A073A /* ViewModel */,
				B3AE683D2A693E58009322DF /* Views */,
				B3AE683A2A693D9D009322DF /* Controllers */,
			);
			path = HomeModule;
			sourceTree = "<group>";
		};
		B3AE683A2A693D9D009322DF /* Controllers */ = {
			isa = PBXGroup;
			children = (
				B3AE683B2A693DB3009322DF /* HomeViewController.swift */,
				B33E3CD42A6EA5A600220811 /* AddLinkViewController.swift */,
			);
			path = Controllers;
			sourceTree = "<group>";
		};
		B3AE683D2A693E58009322DF /* Views */ = {
			isa = PBXGroup;
			children = (
				B313E2122A6A57E000423CE2 /* SteamLinkCell */,
				B3AE684B2A6941EB009322DF /* HomeHeaderCell */,
				B3AE68442A693EAE009322DF /* HomeToggleCell */,
				B3AE683F2A693E67009322DF /* PlaylistCell */,
			);
			path = Views;
			sourceTree = "<group>";
		};
		B3AE683F2A693E67009322DF /* PlaylistCell */ = {
			isa = PBXGroup;
			children = (
				B3AE68402A693E93009322DF /* PlaylistTableViewCell.swift */,
				B3AE68412A693E93009322DF /* PlaylistTableViewCell.xib */,
			);
			path = PlaylistCell;
			sourceTree = "<group>";
		};
		B3AE68442A693EAE009322DF /* HomeToggleCell */ = {
			isa = PBXGroup;
			children = (
				B3AE68452A693ED1009322DF /* HomeToggleTableViewCell.swift */,
				B3AE68462A693ED1009322DF /* HomeToggleTableViewCell.xib */,
			);
			path = HomeToggleCell;
			sourceTree = "<group>";
		};
		B3AE684B2A6941EB009322DF /* HomeHeaderCell */ = {
			isa = PBXGroup;
			children = (
				B3AE684C2A6941FC009322DF /* HomeHeaderTableViewCell.swift */,
				B3AE684D2A6941FC009322DF /* HomeHeaderTableViewCell.xib */,
			);
			path = HomeHeaderCell;
			sourceTree = "<group>";
		};
		B3E2FCFD2A666CFA009A073A = {
			isa = PBXGroup;
			children = (
				B3E2FD082A666CFB009A073A /* IPTV */,
				B3E2FD072A666CFB009A073A /* Products */,
				0155DB63226706C687670541 /* Pods */,
				34134D2DBCF1DC6CA1FEAB08 /* Frameworks */,
			);
			sourceTree = "<group>";
		};
		B3E2FD072A666CFB009A073A /* Products */ = {
			isa = PBXGroup;
			children = (
				B3E2FD062A666CFB009A073A /* IPTV.app */,
			);
			name = Products;
			sourceTree = "<group>";
		};
		B3E2FD082A666CFB009A073A /* IPTV */ = {
			isa = PBXGroup;
			children = (
				B3D0AEDB2A724FFB00EB4BCA /* IPTV.entitlements */,
				B3E2FD252A666E7E009A073A /* Extensions */,
				B3E2FD372A666E7E009A073A /* Helpers */,
				B3E2FD1F2A666E7E009A073A /* Utilities */,
				B3E2FD5E2A6671F5009A073A /* Modules */,
				B3E2FD1E2A666E4E009A073A /* Main */,
				B3E2FD1D2A666E35009A073A /* Storyboards */,
				B3E2FD5B2A666EA1009A073A /* Resources */,
				B3E2FD172A666CFC009A073A /* Info.plist */,
				B31B70EB2A84AF9F00059C6E /* GoogleService-Info.plist */,
			);
			path = IPTV;
			sourceTree = "<group>";
		};
		B3E2FD1D2A666E35009A073A /* Storyboards */ = {
			isa = PBXGroup;
			children = (
				B3E2FD0F2A666CFB009A073A /* Main.storyboard */,
				B3AE68382A693D2D009322DF /* Home.storyboard */,
				B32BE81C2A7B961400CA1046 /* Setting.storyboard */,
			);
			path = Storyboards;
			sourceTree = "<group>";
		};
		B3E2FD1E2A666E4E009A073A /* Main */ = {
			isa = PBXGroup;
			children = (
				B3E2FD142A666CFC009A073A /* LaunchScreen.storyboard */,
				B3E2FD092A666CFB009A073A /* AppDelegate.swift */,
			);
			path = Main;
			sourceTree = "<group>";
		};
		B3E2FD1F2A666E7E009A073A /* Utilities */ = {
			isa = PBXGroup;
			children = (
				B313E22C2A6A930B00423CE2 /* CoreData */,
				B313E2332A6A931300423CE2 /* Conatnats */,
			);
			path = Utilities;
			sourceTree = "<group>";
		};
		B3E2FD252A666E7E009A073A /* Extensions */ = {
			isa = PBXGroup;
			children = (
				B3E2FD262A666E7E009A073A /* UIKIT */,
				B3E2FD2F2A666E7E009A073A /* Foundation */,
			);
			path = Extensions;
			sourceTree = "<group>";
		};
		B3E2FD262A666E7E009A073A /* UIKIT */ = {
			isa = PBXGroup;
			children = (
				B3E2FD272A666E7E009A073A /* UIView.swift */,
				B3E2FD282A666E7E009A073A /* UIImage.swift */,
				B3E2FD292A666E7E009A073A /* UIViewController.swift */,
				B3E2FD2A2A666E7E009A073A /* UILabel.swift */,
				B3E2FD2B2A666E7E009A073A /* AppStoryboard.swift */,
				B3E2FD2C2A666E7E009A073A /* UIApplication.swift */,
				B3E2FD2D2A666E7E009A073A /* UIText.swift */,
				B3E2FD2E2A666E7E009A073A /* UIAlertController.swift */,
			);
			path = UIKIT;
			sourceTree = "<group>";
		};
		B3E2FD2F2A666E7E009A073A /* Foundation */ = {
			isa = PBXGroup;
			children = (
				B3E2FD302A666E7E009A073A /* Date.swift */,
				B3E2FD312A666E7E009A073A /* Array.swift */,
				B3E2FD322A666E7E009A073A /* NSAttributedString.swift */,
				B3E2FD332A666E7E009A073A /* Reachability.swift */,
				B3E2FD342A666E7E009A073A /* URL.swift */,
				B3E2FD352A666E7E009A073A /* String.swift */,
				B3E2FD362A666E7E009A073A /* Double.swift */,
			);
			path = Foundation;
			sourceTree = "<group>";
		};
		B3E2FD372A666E7E009A073A /* Helpers */ = {
			isa = PBXGroup;
			children = (
				B3E2FD3B2A666E7E009A073A /* ApiHelper */,
				B3E2FD3E2A666E7E009A073A /* AppHelper */,
			);
			path = Helpers;
			sourceTree = "<group>";
		};
		B3E2FD3B2A666E7E009A073A /* ApiHelper */ = {
			isa = PBXGroup;
			children = (
				B3E2FD3C2A666E7E009A073A /* BaseApiManger.swift */,
				B3E2FD3D2A666E7E009A073A /* ApiStore.swift */,
			);
			path = ApiHelper;
			sourceTree = "<group>";
		};
		B3E2FD3E2A666E7E009A073A /* AppHelper */ = {
			isa = PBXGroup;
			children = (
				B3E2FD232A666E7E009A073A /* Devices.swift */,
				B3E2FD3F2A666E7E009A073A /* Helper.swift */,
				B3E2FD402A666E7E009A073A /* Prefrences.swift */,
			);
			path = AppHelper;
			sourceTree = "<group>";
		};
		B3E2FD5B2A666EA1009A073A /* Resources */ = {
			isa = PBXGroup;
			children = (
				B313E2172A6A73B000423CE2 /* Fonts */,
				B3E2FD122A666CFC009A073A /* Assets.xcassets */,
				B31B70ED2A84B11400059C6E /* IPTVpolicy.docx */,
				B313E2342A6A974D00423CE2 /* PlaylistDataModel.xcdatamodeld */,
			);
			path = Resources;
			sourceTree = "<group>";
		};
		B3E2FD5E2A6671F5009A073A /* Modules */ = {
			isa = PBXGroup;
			children = (
				B32BE81F2A7B96F300CA1046 /* SettingModule */,
				B3AE68372A693D16009322DF /* HomeModule */,
				B3E2FD6D2A667341009A073A /* ChannelModule */,
				B3E2FD602A667225009A073A /* BaseModule */,
			);
			path = Modules;
			sourceTree = "<group>";
		};
		B3E2FD602A667225009A073A /* BaseModule */ = {
			isa = PBXGroup;
			children = (
				B3E2FD622A667225009A073A /* Coordinators */,
				B3E2FD612A667225009A073A /* Controller */,
			);
			path = BaseModule;
			sourceTree = "<group>";
		};
		B3E2FD612A667225009A073A /* Controller */ = {
			isa = PBXGroup;
			children = (
				B3E2FD662A667225009A073A /* ParentViewController.swift */,
				B36687B92A67C53C00A5C492 /* InitialViewController.swift */,
			);
			path = Controller;
			sourceTree = "<group>";
		};
		B3E2FD622A667225009A073A /* Coordinators */ = {
			isa = PBXGroup;
			children = (
				B3E2FD632A667225009A073A /* AppCoordinator.swift */,
				B3E2FD642A667225009A073A /* CoordinatorControllers.swift */,
				B3E2FD652A667225009A073A /* Coordinator.swift */,
			);
			path = Coordinators;
			sourceTree = "<group>";
		};
		B3E2FD6D2A667341009A073A /* ChannelModule */ = {
			isa = PBXGroup;
			children = (
				B3E2FD6E2A667363009A073A /* Model */,
				B36687BD2A67EC6C00A5C492 /* View */,
				B3E2FD742A667435009A073A /* Controllers */,
			);
			path = ChannelModule;
			sourceTree = "<group>";
		};
		B3E2FD6E2A667363009A073A /* Model */ = {
			isa = PBXGroup;
			children = (
				B3E2FD6F2A667385009A073A /* ChannelData.swift */,
			);
			path = Model;
			sourceTree = "<group>";
		};
		B3E2FD712A667389009A073A /* ViewModel */ = {
			isa = PBXGroup;
			children = (
				B3E2FD792A667B4B009A073A /* ChannelViewModel.swift */,
			);
			path = ViewModel;
			sourceTree = "<group>";
		};
		B3E2FD742A667435009A073A /* Controllers */ = {
			isa = PBXGroup;
			children = (
				B36687BB2A67C80E00A5C492 /* SplitViewController.swift */,
				B36687B72A67BD8100A5C492 /* ChannelListViewController.swift */,
				B3E2FD772A6674BF009A073A /* ChannelViewController.swift */,
			);
			path = Controllers;
			sourceTree = "<group>";
		};
/* End PBXGroup section */

/* Begin PBXNativeTarget section */
		B3E2FD052A666CFB009A073A /* IPTV */ = {
			isa = PBXNativeTarget;
			buildConfigurationList = B3E2FD1A2A666CFC009A073A /* Build configuration list for PBXNativeTarget "IPTV" */;
			buildPhases = (
				AB1791FEB23479D1CB9751A3 /* [CP] Check Pods Manifest.lock */,
				B3E2FD022A666CFB009A073A /* Sources */,
				B3E2FD032A666CFB009A073A /* Frameworks */,
				B3E2FD042A666CFB009A073A /* Resources */,
				A3370CCF5D1F8114CDFBF609 /* [CP] Embed Pods Frameworks */,
			);
			buildRules = (
			);
			dependencies = (
			);
			name = IPTV;
			productName = IPTV;
			productReference = B3E2FD062A666CFB009A073A /* IPTV.app */;
			productType = "com.apple.product-type.application";
		};
/* End PBXNativeTarget section */

/* Begin PBXProject section */
		B3E2FCFE2A666CFA009A073A /* Project object */ = {
			isa = PBXProject;
			attributes = {
				BuildIndependentTargetsInParallel = 1;
				LastSwiftUpdateCheck = 1410;
				LastUpgradeCheck = 1410;
				TargetAttributes = {
					B3E2FD052A666CFB009A073A = {
						CreatedOnToolsVersion = 14.1;
					};
				};
			};
			buildConfigurationList = B3E2FD012A666CFA009A073A /* Build configuration list for PBXProject "IPTV" */;
			compatibilityVersion = "Xcode 14.0";
			developmentRegion = en;
			hasScannedForEncodings = 0;
			knownRegions = (
				en,
				Base,
				ru,
			);
			mainGroup = B3E2FCFD2A666CFA009A073A;
			productRefGroup = B3E2FD072A666CFB009A073A /* Products */;
			projectDirPath = "";
			projectRoot = "";
			targets = (
				B3E2FD052A666CFB009A073A /* IPTV */,
			);
		};
/* End PBXProject section */

/* Begin PBXResourcesBuildPhase section */
		B3E2FD042A666CFB009A073A /* Resources */ = {
			isa = PBXResourcesBuildPhase;
			buildActionMask = 2147483647;
			files = (
				B313E2242A6A73BF00423CE2 /* Manrope-ExtraBold.ttf in Resources */,
				B313E2212A6A73BF00423CE2 /* Manrope-VariableFont_wght.ttf in Resources */,
				B3E2FD162A666CFC009A073A /* LaunchScreen.storyboard in Resources */,
				B313E2282A6A73BF00423CE2 /* Manrope-Bold.ttf in Resources */,
				B3AE684F2A6941FC009322DF /* HomeHeaderTableViewCell.xib in Resources */,
				B32BE81D2A7B961400CA1046 /* Setting.storyboard in Resources */,
				B313E2272A6A73BF00423CE2 /* Manrope-Light.ttf in Resources */,
				B313E2262A6A73BF00423CE2 /* Manrope-ExtraLight.ttf in Resources */,
				B31B70EE2A84B11400059C6E /* IPTVpolicy.docx in Resources */,
				B386BF502A7126CF00BE1F36 /* ChannelTableHeader.xib in Resources */,
				B3AE68392A693D2D009322DF /* Home.storyboard in Resources */,
				B313E2162A6A582B00423CE2 /* StreamLinkTableViewCell.xib in Resources */,
				B313E2252A6A73BF00423CE2 /* Manrope-Regular.ttf in Resources */,
				B3AE68482A693ED1009322DF /* HomeToggleTableViewCell.xib in Resources */,
				B36687C22A67ECA000A5C492 /* ChannelListTableViewCell.xib in Resources */,
				B313E2222A6A73BF00423CE2 /* Manrope-Medium.ttf in Resources */,
				B3E2FD132A666CFC009A073A /* Assets.xcassets in Resources */,
				B3E2FD112A666CFB009A073A /* Main.storyboard in Resources */,
				B31E18B52A8247FF00C404CC /* SettingCellCollectionViewCell.xib in Resources */,
				B31B70EC2A84AF9F00059C6E /* GoogleService-Info.plist in Resources */,
				B313E2232A6A73BF00423CE2 /* Manrope-SemiBold.ttf in Resources */,
				B3AE68432A693E93009322DF /* PlaylistTableViewCell.xib in Resources */,
			);
			runOnlyForDeploymentPostprocessing = 0;
		};
/* End PBXResourcesBuildPhase section */

/* Begin PBXShellScriptBuildPhase section */
		A3370CCF5D1F8114CDFBF609 /* [CP] Embed Pods Frameworks */ = {
			isa = PBXShellScriptBuildPhase;
			buildActionMask = 2147483647;
			files = (
			);
			inputFileListPaths = (
				"${PODS_ROOT}/Target Support Files/Pods-IPTV/Pods-IPTV-frameworks-${CONFIGURATION}-input-files.xcfilelist",
			);
			name = "[CP] Embed Pods Frameworks";
			outputFileListPaths = (
				"${PODS_ROOT}/Target Support Files/Pods-IPTV/Pods-IPTV-frameworks-${CONFIGURATION}-output-files.xcfilelist",
			);
			runOnlyForDeploymentPostprocessing = 0;
			shellPath = /bin/sh;
			shellScript = "\"${PODS_ROOT}/Target Support Files/Pods-IPTV/Pods-IPTV-frameworks.sh\"\n";
			showEnvVarsInLog = 0;
		};
		AB1791FEB23479D1CB9751A3 /* [CP] Check Pods Manifest.lock */ = {
			isa = PBXShellScriptBuildPhase;
			buildActionMask = 2147483647;
			files = (
			);
			inputFileListPaths = (
			);
			inputPaths = (
				"${PODS_PODFILE_DIR_PATH}/Podfile.lock",
				"${PODS_ROOT}/Manifest.lock",
			);
			name = "[CP] Check Pods Manifest.lock";
			outputFileListPaths = (
			);
			outputPaths = (
				"$(DERIVED_FILE_DIR)/Pods-IPTV-checkManifestLockResult.txt",
			);
			runOnlyForDeploymentPostprocessing = 0;
			shellPath = /bin/sh;
			shellScript = "diff \"${PODS_PODFILE_DIR_PATH}/Podfile.lock\" \"${PODS_ROOT}/Manifest.lock\" > /dev/null\nif [ $? != 0 ] ; then\n    # print error to STDERR\n    echo \"error: The sandbox is not in sync with the Podfile.lock. Run 'pod install' or update your CocoaPods installation.\" >&2\n    exit 1\nfi\n# This output is used by Xcode 'outputs' to avoid re-running this script phase.\necho \"SUCCESS\" > \"${SCRIPT_OUTPUT_FILE_0}\"\n";
			showEnvVarsInLog = 0;
		};
/* End PBXShellScriptBuildPhase section */

/* Begin PBXSourcesBuildPhase section */
		B3E2FD022A666CFB009A073A /* Sources */ = {
			isa = PBXSourcesBuildPhase;
			buildActionMask = 2147483647;
			files = (
				B3E2FD782A6674BF009A073A /* ChannelViewController.swift in Sources */,
				B3E2FD4B2A666E7E009A073A /* UIApplication.swift in Sources */,
				B3E2FD702A667385009A073A /* ChannelData.swift in Sources */,
				B31E18B42A8247FF00C404CC /* SettingCellCollectionViewCell.swift in Sources */,
				B3AE683C2A693DB3009322DF /* HomeViewController.swift in Sources */,
				B32BE8292A7B96F300CA1046 /* SettingViewModel.swift in Sources */,
				B3E2FD462A666E7E009A073A /* UIView.swift in Sources */,
				B3E2FD672A667225009A073A /* AppCoordinator.swift in Sources */,
				B313E2322A6A930B00423CE2 /* PersistenceManager.swift in Sources */,
				B3E2FD512A666E7E009A073A /* Reachability.swift in Sources */,
				B3E2FD0A2A666CFB009A073A /* AppDelegate.swift in Sources */,
				B36687BA2A67C53C00A5C492 /* InitialViewController.swift in Sources */,
				B3E2FD5A2A666E7E009A073A /* Prefrences.swift in Sources */,
				B3E2FD4F2A666E7E009A073A /* Array.swift in Sources */,
				B37E151A2A7B7EB600015F57 /* Channel+CoreDataProperties.swift in Sources */,
				B36687B82A67BD8100A5C492 /* ChannelListViewController.swift in Sources */,
				B3E2FD592A666E7E009A073A /* Helper.swift in Sources */,
				B3E2FD4E2A666E7E009A073A /* Date.swift in Sources */,
				B313E2302A6A930B00423CE2 /* ContextManager.swift in Sources */,
				B3E2FD6A2A667225009A073A /* ParentViewController.swift in Sources */,
				B36687BC2A67C80E00A5C492 /* SplitViewController.swift in Sources */,
				B33E3CD52A6EA5A600220811 /* AddLinkViewController.swift in Sources */,
				B3E2FD4D2A666E7E009A073A /* UIAlertController.swift in Sources */,
				B32BE82A2A7B96F300CA1046 /* SettingViewController.swift in Sources */,
				B3E2FD492A666E7E009A073A /* UILabel.swift in Sources */,
				B3E2FD4A2A666E7E009A073A /* AppStoryboard.swift in Sources */,
				B3E2FD432A666E7E009A073A /* Enums.swift in Sources */,
				B3AE684E2A6941FC009322DF /* HomeHeaderTableViewCell.swift in Sources */,
				B3AE68422A693E93009322DF /* PlaylistTableViewCell.swift in Sources */,
				B3E2FD482A666E7E009A073A /* UIViewController.swift in Sources */,
				B313E2152A6A582B00423CE2 /* StreamLinkTableViewCell.swift in Sources */,
				B3E2FD582A666E7E009A073A /* ApiStore.swift in Sources */,
				B3E2FD412A666E7E009A073A /* Constant.swift in Sources */,
				B3E2FD682A667225009A073A /* CoordinatorControllers.swift in Sources */,
				B3E2FD502A666E7E009A073A /* NSAttributedString.swift in Sources */,
				B313E2362A6A974D00423CE2 /* PlaylistDataModel.xcdatamodeld in Sources */,
				B36687C12A67ECA000A5C492 /* ChannelListTableViewCell.swift in Sources */,
				B37E151D2A7B7EB600015F57 /* Channel+CoreDataClass.swift in Sources */,
				B3E2FD7A2A667B4B009A073A /* ChannelViewModel.swift in Sources */,
				B3E2FD522A666E7E009A073A /* URL.swift in Sources */,
				B3E2FD692A667225009A073A /* Coordinator.swift in Sources */,
				B3E2FD4C2A666E7E009A073A /* UIText.swift in Sources */,
				B37E151C2A7B7EB600015F57 /* Playlist+CoreDataProperties.swift in Sources */,
				B3E2FD472A666E7E009A073A /* UIImage.swift in Sources */,
				B3E2FD532A666E7E009A073A /* String.swift in Sources */,
				B313E2422A6A9B9F00423CE2 /* CrudDBManager.swift in Sources */,
				B386BF522A7126ED00BE1F36 /* ChannelTableHeader.swift in Sources */,
				B3E2FD442A666E7E009A073A /* Devices.swift in Sources */,
				B3AE68472A693ED1009322DF /* HomeToggleTableViewCell.swift in Sources */,
				B313E2312A6A930B00423CE2 /* DatastoreCoordinator.swift in Sources */,
				B3E2FD542A666E7E009A073A /* Double.swift in Sources */,
				B3E2FD572A666E7E009A073A /* BaseApiManger.swift in Sources */,
				B3E2FD452A666E7E009A073A /* StyleManager.swift in Sources */,
				B37E151B2A7B7EB600015F57 /* Playlist+CoreDataClass.swift in Sources */,
			);
			runOnlyForDeploymentPostprocessing = 0;
		};
/* End PBXSourcesBuildPhase section */

/* Begin PBXVariantGroup section */
		B3E2FD0F2A666CFB009A073A /* Main.storyboard */ = {
			isa = PBXVariantGroup;
			children = (
				B3E2FD102A666CFB009A073A /* Base */,
			);
			name = Main.storyboard;
			sourceTree = "<group>";
		};
		B3E2FD142A666CFC009A073A /* LaunchScreen.storyboard */ = {
			isa = PBXVariantGroup;
			children = (
				B3E2FD152A666CFC009A073A /* Base */,
			);
			name = LaunchScreen.storyboard;
			sourceTree = "<group>";
		};
/* End PBXVariantGroup section */

/* Begin XCBuildConfiguration section */
		B3E2FD182A666CFC009A073A /* Debug */ = {
			isa = XCBuildConfiguration;
			buildSettings = {
				ALWAYS_SEARCH_USER_PATHS = NO;
				CLANG_ANALYZER_NONNULL = YES;
				CLANG_ANALYZER_NUMBER_OBJECT_CONVERSION = YES_AGGRESSIVE;
				CLANG_CXX_LANGUAGE_STANDARD = "gnu++20";
				CLANG_ENABLE_MODULES = YES;
				CLANG_ENABLE_OBJC_ARC = YES;
				CLANG_ENABLE_OBJC_WEAK = YES;
				CLANG_WARN_BLOCK_CAPTURE_AUTORELEASING = YES;
				CLANG_WARN_BOOL_CONVERSION = YES;
				CLANG_WARN_COMMA = YES;
				CLANG_WARN_CONSTANT_CONVERSION = YES;
				CLANG_WARN_DEPRECATED_OBJC_IMPLEMENTATIONS = YES;
				CLANG_WARN_DIRECT_OBJC_ISA_USAGE = YES_ERROR;
				CLANG_WARN_DOCUMENTATION_COMMENTS = YES;
				CLANG_WARN_EMPTY_BODY = YES;
				CLANG_WARN_ENUM_CONVERSION = YES;
				CLANG_WARN_INFINITE_RECURSION = YES;
				CLANG_WARN_INT_CONVERSION = YES;
				CLANG_WARN_NON_LITERAL_NULL_CONVERSION = YES;
				CLANG_WARN_OBJC_IMPLICIT_RETAIN_SELF = YES;
				CLANG_WARN_OBJC_LITERAL_CONVERSION = YES;
				CLANG_WARN_OBJC_ROOT_CLASS = YES_ERROR;
				CLANG_WARN_QUOTED_INCLUDE_IN_FRAMEWORK_HEADER = YES;
				CLANG_WARN_RANGE_LOOP_ANALYSIS = YES;
				CLANG_WARN_STRICT_PROTOTYPES = YES;
				CLANG_WARN_SUSPICIOUS_MOVE = YES;
				CLANG_WARN_UNGUARDED_AVAILABILITY = YES_AGGRESSIVE;
				CLANG_WARN_UNREACHABLE_CODE = YES;
				CLANG_WARN__DUPLICATE_METHOD_MATCH = YES;
				COPY_PHASE_STRIP = NO;
				DEBUG_INFORMATION_FORMAT = dwarf;
				ENABLE_STRICT_OBJC_MSGSEND = YES;
				ENABLE_TESTABILITY = YES;
				GCC_C_LANGUAGE_STANDARD = gnu11;
				GCC_DYNAMIC_NO_PIC = NO;
				GCC_NO_COMMON_BLOCKS = YES;
				GCC_OPTIMIZATION_LEVEL = 0;
				GCC_PREPROCESSOR_DEFINITIONS = (
					"DEBUG=1",
					"$(inherited)",
				);
				GCC_WARN_64_TO_32_BIT_CONVERSION = YES;
				GCC_WARN_ABOUT_RETURN_TYPE = YES_ERROR;
				GCC_WARN_UNDECLARED_SELECTOR = YES;
				GCC_WARN_UNINITIALIZED_AUTOS = YES_AGGRESSIVE;
				GCC_WARN_UNUSED_FUNCTION = YES;
				GCC_WARN_UNUSED_VARIABLE = YES;
				IPHONEOS_DEPLOYMENT_TARGET = 16.1;
				MTL_ENABLE_DEBUG_INFO = INCLUDE_SOURCE;
				MTL_FAST_MATH = YES;
				ONLY_ACTIVE_ARCH = YES;
				SDKROOT = iphoneos;
				SWIFT_ACTIVE_COMPILATION_CONDITIONS = DEBUG;
				SWIFT_OPTIMIZATION_LEVEL = "-Onone";
			};
			name = Debug;
		};
		B3E2FD192A666CFC009A073A /* Release */ = {
			isa = XCBuildConfiguration;
			buildSettings = {
				ALWAYS_SEARCH_USER_PATHS = NO;
				CLANG_ANALYZER_NONNULL = YES;
				CLANG_ANALYZER_NUMBER_OBJECT_CONVERSION = YES_AGGRESSIVE;
				CLANG_CXX_LANGUAGE_STANDARD = "gnu++20";
				CLANG_ENABLE_MODULES = YES;
				CLANG_ENABLE_OBJC_ARC = YES;
				CLANG_ENABLE_OBJC_WEAK = YES;
				CLANG_WARN_BLOCK_CAPTURE_AUTORELEASING = YES;
				CLANG_WARN_BOOL_CONVERSION = YES;
				CLANG_WARN_COMMA = YES;
				CLANG_WARN_CONSTANT_CONVERSION = YES;
				CLANG_WARN_DEPRECATED_OBJC_IMPLEMENTATIONS = YES;
				CLANG_WARN_DIRECT_OBJC_ISA_USAGE = YES_ERROR;
				CLANG_WARN_DOCUMENTATION_COMMENTS = YES;
				CLANG_WARN_EMPTY_BODY = YES;
				CLANG_WARN_ENUM_CONVERSION = YES;
				CLANG_WARN_INFINITE_RECURSION = YES;
				CLANG_WARN_INT_CONVERSION = YES;
				CLANG_WARN_NON_LITERAL_NULL_CONVERSION = YES;
				CLANG_WARN_OBJC_IMPLICIT_RETAIN_SELF = YES;
				CLANG_WARN_OBJC_LITERAL_CONVERSION = YES;
				CLANG_WARN_OBJC_ROOT_CLASS = YES_ERROR;
				CLANG_WARN_QUOTED_INCLUDE_IN_FRAMEWORK_HEADER = YES;
				CLANG_WARN_RANGE_LOOP_ANALYSIS = YES;
				CLANG_WARN_STRICT_PROTOTYPES = YES;
				CLANG_WARN_SUSPICIOUS_MOVE = YES;
				CLANG_WARN_UNGUARDED_AVAILABILITY = YES_AGGRESSIVE;
				CLANG_WARN_UNREACHABLE_CODE = YES;
				CLANG_WARN__DUPLICATE_METHOD_MATCH = YES;
				COPY_PHASE_STRIP = NO;
				DEBUG_INFORMATION_FORMAT = "dwarf-with-dsym";
				ENABLE_NS_ASSERTIONS = NO;
				ENABLE_STRICT_OBJC_MSGSEND = YES;
				GCC_C_LANGUAGE_STANDARD = gnu11;
				GCC_NO_COMMON_BLOCKS = YES;
				GCC_WARN_64_TO_32_BIT_CONVERSION = YES;
				GCC_WARN_ABOUT_RETURN_TYPE = YES_ERROR;
				GCC_WARN_UNDECLARED_SELECTOR = YES;
				GCC_WARN_UNINITIALIZED_AUTOS = YES_AGGRESSIVE;
				GCC_WARN_UNUSED_FUNCTION = YES;
				GCC_WARN_UNUSED_VARIABLE = YES;
				IPHONEOS_DEPLOYMENT_TARGET = 16.1;
				MTL_ENABLE_DEBUG_INFO = NO;
				MTL_FAST_MATH = YES;
				SDKROOT = iphoneos;
				SWIFT_COMPILATION_MODE = wholemodule;
				SWIFT_OPTIMIZATION_LEVEL = "-O";
				VALIDATE_PRODUCT = YES;
			};
			name = Release;
		};
		B3E2FD1B2A666CFC009A073A /* Debug */ = {
			isa = XCBuildConfiguration;
			baseConfigurationReference = A82A1B0D4D63C1896D9CACFE /* Pods-IPTV.debug.xcconfig */;
			buildSettings = {
				ASSETCATALOG_COMPILER_APPICON_NAME = AppIcon;
				ASSETCATALOG_COMPILER_GLOBAL_ACCENT_COLOR_NAME = AccentColor;
				CODE_SIGN_ENTITLEMENTS = IPTV/IPTV.entitlements;
				CODE_SIGN_IDENTITY = "Apple Development";
				CODE_SIGN_STYLE = Manual;
				CURRENT_PROJECT_VERSION = 1.1;
				DEVELOPMENT_TEAM = "";
				GENERATE_INFOPLIST_FILE = YES;
				INFOPLIST_FILE = IPTV/Info.plist;
				INFOPLIST_KEY_UIApplicationSupportsIndirectInputEvents = YES;
				INFOPLIST_KEY_UILaunchStoryboardName = LaunchScreen;
				INFOPLIST_KEY_UIMainStoryboardFile = Main;
				INFOPLIST_KEY_UIStatusBarStyle = "";
				INFOPLIST_KEY_UISupportedInterfaceOrientations = "UIInterfaceOrientationLandscapeLeft UIInterfaceOrientationLandscapeRight UIInterfaceOrientationPortrait UIInterfaceOrientationPortraitUpsideDown";
				INFOPLIST_KEY_UIUserInterfaceStyle = Dark;
				IPHONEOS_DEPLOYMENT_TARGET = 13.0;
				LD_RUNPATH_SEARCH_PATHS = (
					"$(inherited)",
					"@executable_path/Frameworks",
				);
				MARKETING_VERSION = 1.0;
				PRODUCT_BUNDLE_IDENTIFIER = com.DEMO.IPTV;
				PRODUCT_NAME = "$(TARGET_NAME)";
				PROVISIONING_PROFILE_SPECIFIER = "";
				SUPPORTED_PLATFORMS = "iphoneos iphonesimulator";
				SUPPORTS_MACCATALYST = NO;
				SUPPORTS_MAC_DESIGNED_FOR_IPHONE_IPAD = NO;
				SWIFT_EMIT_LOC_STRINGS = YES;
				SWIFT_VERSION = 5.0;
				TARGETED_DEVICE_FAMILY = 1;
			};
			name = Debug;
		};
		B3E2FD1C2A666CFC009A073A /* Release */ = {
			isa = XCBuildConfiguration;
			baseConfigurationReference = 46B6D3F0A3092FCC968E076D /* Pods-IPTV.release.xcconfig */;
			buildSettings = {
				ASSETCATALOG_COMPILER_APPICON_NAME = AppIcon;
				ASSETCATALOG_COMPILER_GLOBAL_ACCENT_COLOR_NAME = AccentColor;
				CODE_SIGN_ENTITLEMENTS = IPTV/IPTV.entitlements;
				CODE_SIGN_IDENTITY = "Apple Development";
				CODE_SIGN_STYLE = Manual;
				CURRENT_PROJECT_VERSION = 1.1;
				DEVELOPMENT_TEAM = "";
				GENERATE_INFOPLIST_FILE = YES;
				INFOPLIST_FILE = IPTV/Info.plist;
				INFOPLIST_KEY_UIApplicationSupportsIndirectInputEvents = YES;
				INFOPLIST_KEY_UILaunchStoryboardName = LaunchScreen;
				INFOPLIST_KEY_UIMainStoryboardFile = Main;
				INFOPLIST_KEY_UIStatusBarStyle = "";
				INFOPLIST_KEY_UISupportedInterfaceOrientations = "UIInterfaceOrientationLandscapeLeft UIInterfaceOrientationLandscapeRight UIInterfaceOrientationPortrait UIInterfaceOrientationPortraitUpsideDown";
				INFOPLIST_KEY_UIUserInterfaceStyle = Dark;
				IPHONEOS_DEPLOYMENT_TARGET = 13.0;
				LD_RUNPATH_SEARCH_PATHS = (
					"$(inherited)",
					"@executable_path/Frameworks",
				);
				MARKETING_VERSION = 1.0;
				PRODUCT_BUNDLE_IDENTIFIER = com.DEMO.IPTV;
				PRODUCT_NAME = "$(TARGET_NAME)";
				PROVISIONING_PROFILE_SPECIFIER = "";
				SUPPORTED_PLATFORMS = "iphoneos iphonesimulator";
				SUPPORTS_MACCATALYST = NO;
				SUPPORTS_MAC_DESIGNED_FOR_IPHONE_IPAD = NO;
				SWIFT_EMIT_LOC_STRINGS = YES;
				SWIFT_VERSION = 5.0;
				TARGETED_DEVICE_FAMILY = 1;
			};
			name = Release;
		};
/* End XCBuildConfiguration section */

/* Begin XCConfigurationList section */
		B3E2FD012A666CFA009A073A /* Build configuration list for PBXProject "IPTV" */ = {
			isa = XCConfigurationList;
			buildConfigurations = (
				B3E2FD182A666CFC009A073A /* Debug */,
				B3E2FD192A666CFC009A073A /* Release */,
			);
			defaultConfigurationIsVisible = 0;
			defaultConfigurationName = Release;
		};
		B3E2FD1A2A666CFC009A073A /* Build configuration list for PBXNativeTarget "IPTV" */ = {
			isa = XCConfigurationList;
			buildConfigurations = (
				B3E2FD1B2A666CFC009A073A /* Debug */,
				B3E2FD1C2A666CFC009A073A /* Release */,
			);
			defaultConfigurationIsVisible = 0;
			defaultConfigurationName = Release;
		};
/* End XCConfigurationList section */

/* Begin XCVersionGroup section */
		B313E2342A6A974D00423CE2 /* PlaylistDataModel.xcdatamodeld */ = {
			isa = XCVersionGroup;
			children = (
				B313E2352A6A974D00423CE2 /* PlaylistDataModel.xcdatamodel */,
			);
			currentVersion = B313E2352A6A974D00423CE2 /* PlaylistDataModel.xcdatamodel */;
			path = PlaylistDataModel.xcdatamodeld;
			sourceTree = "<group>";
			versionGroupType = wrapper.xcdatamodel;
		};
/* End XCVersionGroup section */
	};
	rootObject = B3E2FCFE2A666CFA009A073A /* Project object */;
}
